lockfileVersion: '9.0'

settings:
  autoInstallPeers: true
  excludeLinksFromLockfile: false

importers:

  .:
    devDependencies:
      '@types/node':
        specifier: ^22.15.23
        version: 22.15.23
      kpx:
        specifier: ^0.2.1
        version: 0.2.1

  packages/glob:
    devDependencies:
      '@napi-rs/cli':
        specifier: ^2.18.4
        version: 2.18.4
    optionalDependencies:
      '@rust-gear/glob-darwin-arm64':
        specifier: 0.2.0
        version: 0.2.0
      '@rust-gear/glob-darwin-x64':
        specifier: 0.2.0
        version: 0.2.0
      '@rust-gear/glob-linux-arm64-gnu':
        specifier: 0.2.0
        version: 0.2.0
      '@rust-gear/glob-linux-arm64-musl':
        specifier: 0.2.0
        version: 0.2.0
      '@rust-gear/glob-linux-x64-gnu':
        specifier: 0.2.0
        version: 0.2.0
      '@rust-gear/glob-linux-x64-musl':
        specifier: 0.2.0
        version: 0.2.0
      '@rust-gear/glob-win32-arm64-msvc':
        specifier: 0.2.0
        version: 0.2.0
      '@rust-gear/glob-win32-ia32-msvc':
        specifier: 0.2.0
        version: 0.2.0
      '@rust-gear/glob-win32-x64-msvc':
        specifier: 0.2.0
        version: 0.2.0

packages:

  '@napi-rs/cli@2.18.4':
    resolution: {integrity: sha512-SgJeA4df9DE2iAEpr3M2H0OKl/yjtg1BnRI5/JyowS71tUWhrfSu2LT0V3vlHET+g1hBVlrO60PmEXwUEKp8Mg==}
    engines: {node: '>= 10'}
    hasBin: true

  '@rust-gear/glob-darwin-arm64@0.2.0':
    resolution: {integrity: sha512-EzoTQkP1kUzmG+4w30uTNntqvInLs9awXdi6QUkwT2gjbteJQUJmbn0DKaUhEwKy8NCFWYmO/O3JAeIS3WuAcQ==}
    engines: {node: '>= 10'}
    cpu: [arm64]
    os: [darwin]

  '@rust-gear/glob-darwin-x64@0.2.0':
    resolution: {integrity: sha512-/66hj3R7IARrA+RMBSYbhxDZhSxjXfrrrAiRQLjaQNIfF2BOwj7WvAWgeGje0G7C8V1sHf0QwFJKhzGkraJkdA==}
    engines: {node: '>= 10'}
    cpu: [x64]
    os: [darwin]

  '@rust-gear/glob-linux-arm64-gnu@0.2.0':
    resolution: {integrity: sha512-cTXnFtouzIY7vZvQQ6FCFsHjLCtgqwKepSL7nU2kE0tPpG/UcgPoY/vW0jPkcR+mVXW/qdsqcXuMdjybjvu/Ww==}
    engines: {node: '>= 10'}
    cpu: [arm64]
    os: [linux]

  '@rust-gear/glob-linux-arm64-musl@0.2.0':
    resolution: {integrity: sha512-r5XG0LeU09ocx9YWyswfc/ccIKM3H/zzBpMWndGs5QvYPV2YICmFYyIVzE29fuxq54dpBMz/Wx25x2K6C/kIKQ==}
    engines: {node: '>= 10'}
    cpu: [arm64]
    os: [linux]

  '@rust-gear/glob-linux-x64-gnu@0.2.0':
    resolution: {integrity: sha512-Dr3QcN8JVIrcO+dXsvrfNKcRwiQMfBiv8407fqP0/zFYHzAXxW08C2zdhQIhcwepDRNVC95Z5zJv9z15KasnDQ==}
    engines: {node: '>= 10'}
    cpu: [x64]
    os: [linux]

  '@rust-gear/glob-linux-x64-musl@0.2.0':
    resolution: {integrity: sha512-22Y3eCxIzyVVtTMzqcleCGDGBJjbY8FhNFSCOSnA4l0iCQK7T4xdILT7uQfnX1Ghj/1+APuSrHKbFTLUulSz9Q==}
    engines: {node: '>= 10'}
    cpu: [x64]
    os: [linux]

  '@rust-gear/glob-win32-arm64-msvc@0.2.0':
    resolution: {integrity: sha512-v1B5tL19pjtyNSDVkWW0AO0HXMY6+loiILLm1iZqjdZeDA3coUyfZ3JW7RdMvlPHKiiY1dchDBhw/lZ6DZE5Yw==}
    engines: {node: '>= 10'}
    cpu: [arm64]
    os: [win32]

  '@rust-gear/glob-win32-ia32-msvc@0.2.0':
    resolution: {integrity: sha512-eFNacNOp+j5p9tJzfHzqlbO0RbMiZJMw0m9hdxbgu1b378+ngHbrF9FKQ03mzFklZLMiYwrB7EnMTGD20Pv11g==}
    engines: {node: '>= 10'}
    cpu: [ia32]
    os: [win32]

  '@rust-gear/glob-win32-x64-msvc@0.2.0':
    resolution: {integrity: sha512-Kqc+sV/Qr3tI56r+NZMilkht5yn36gdH1PgzmlzFz9GvV/B4Kqg5ya/zDRwumlG54OeDZ6ezCGDCEVqABS0rDA==}
    engines: {node: '>= 10'}
    cpu: [x64]
    os: [win32]

  '@swc/core-darwin-arm64@1.11.29':
    resolution: {integrity: sha512-whsCX7URzbuS5aET58c75Dloby3Gtj/ITk2vc4WW6pSDQKSPDuONsIcZ7B2ng8oz0K6ttbi4p3H/PNPQLJ4maQ==}
    engines: {node: '>=10'}
    cpu: [arm64]
    os: [darwin]

  '@swc/core-darwin-x64@1.11.29':
    resolution: {integrity: sha512-S3eTo/KYFk+76cWJRgX30hylN5XkSmjYtCBnM4jPLYn7L6zWYEPajsFLmruQEiTEDUg0gBEWLMNyUeghtswouw==}
    engines: {node: '>=10'}
    cpu: [x64]
    os: [darwin]

  '@swc/core-linux-arm-gnueabihf@1.11.29':
    resolution: {integrity: sha512-o9gdshbzkUMG6azldHdmKklcfrcMx+a23d/2qHQHPDLUPAN+Trd+sDQUYArK5Fcm7TlpG4sczz95ghN0DMkM7g==}
    engines: {node: '>=10'}
    cpu: [arm]
    os: [linux]

  '@swc/core-linux-arm64-gnu@1.11.29':
    resolution: {integrity: sha512-sLoaciOgUKQF1KX9T6hPGzvhOQaJn+3DHy4LOHeXhQqvBgr+7QcZ+hl4uixPKTzxk6hy6Hb0QOvQEdBAAR1gXw==}
    engines: {node: '>=10'}
    cpu: [arm64]
    os: [linux]

  '@swc/core-linux-arm64-musl@1.11.29':
    resolution: {integrity: sha512-PwjB10BC0N+Ce7RU/L23eYch6lXFHz7r3NFavIcwDNa/AAqywfxyxh13OeRy+P0cg7NDpWEETWspXeI4Ek8otw==}
    engines: {node: '>=10'}
    cpu: [arm64]
    os: [linux]

  '@swc/core-linux-x64-gnu@1.11.29':
    resolution: {integrity: sha512-i62vBVoPaVe9A3mc6gJG07n0/e7FVeAvdD9uzZTtGLiuIfVfIBta8EMquzvf+POLycSk79Z6lRhGPZPJPYiQaA==}
    engines: {node: '>=10'}
    cpu: [x64]
    os: [linux]

  '@swc/core-linux-x64-musl@1.11.29':
    resolution: {integrity: sha512-YER0XU1xqFdK0hKkfSVX1YIyCvMDI7K07GIpefPvcfyNGs38AXKhb2byySDjbVxkdl4dycaxxhRyhQ2gKSlsFQ==}
    engines: {node: '>=10'}
    cpu: [x64]
    os: [linux]

  '@swc/core-win32-arm64-msvc@1.11.29':
    resolution: {integrity: sha512-po+WHw+k9g6FAg5IJ+sMwtA/fIUL3zPQ4m/uJgONBATCVnDDkyW6dBA49uHNVtSEvjvhuD8DVWdFP847YTcITw==}
    engines: {node: '>=10'}
    cpu: [arm64]
    os: [win32]

  '@swc/core-win32-ia32-msvc@1.11.29':
    resolution: {integrity: sha512-h+NjOrbqdRBYr5ItmStmQt6x3tnhqgwbj9YxdGPepbTDamFv7vFnhZR0YfB3jz3UKJ8H3uGJ65Zw1VsC+xpFkg==}
    engines: {node: '>=10'}
    cpu: [ia32]
    os: [win32]

  '@swc/core-win32-x64-msvc@1.11.29':
    resolution: {integrity: sha512-Q8cs2BDV9wqDvqobkXOYdC+pLUSEpX/KvI0Dgfun1F+LzuLotRFuDhrvkU9ETJA6OnD2+Fn/ieHgloiKA/Mn/g==}
    engines: {node: '>=10'}
    cpu: [x64]
    os: [win32]

  '@swc/core@1.11.29':
    resolution: {integrity: sha512-g4mThMIpWbNhV8G2rWp5a5/Igv8/2UFRJx2yImrLGMgrDDYZIopqZ/z0jZxDgqNA1QDx93rpwNF7jGsxVWcMlA==}
    engines: {node: '>=10'}
    peerDependencies:
      '@swc/helpers': '>=0.5.17'
    peerDependenciesMeta:
      '@swc/helpers':
        optional: true

  '@swc/counter@0.1.3':
    resolution: {integrity: sha512-e2BR4lsJkkRlKZ/qCHPw9ZaSxc0MVUd7gtbtaB7aMvHeJVYe8sOB8DBZkP2DtISHGSku9sCK6T6cnY0CtXrOCQ==}

  '@swc/types@0.1.21':
    resolution: {integrity: sha512-2YEtj5HJVbKivud9N4bpPBAyZhj4S2Ipe5LkUG94alTpr7in/GU/EARgPAd3BwU+YOmFVJC2+kjqhGRi3r0ZpQ==}

  '@types/node@22.15.23':
    resolution: {integrity: sha512-7Ec1zaFPF4RJ0eXu1YT/xgiebqwqoJz8rYPDi/O2BcZ++Wpt0Kq9cl0eg6NN6bYbPnR67ZLo7St5Q3UK0SnARw==}

  kpx@0.2.1:
    resolution: {integrity: sha512-TtJRhKvLWciNILnz72uKi32Sb50ccSjP9y7R05ZFZLVUJluEqT1zMguRIdKEqi3ccZVvnyZPAFUfKhGI8fVD4Q==}

  undici-types@6.21.0:
    resolution: {integrity: sha512-iwDZqg0QAGrg9Rav5H4n0M64c3mkR59cJ6wQp+7C4nI0gsmExaedaYLNO44eT4AtBBwjbTiGPMlt2Md0T9H9JQ==}

snapshots:

  '@napi-rs/cli@2.18.4': {}

  '@rust-gear/glob-darwin-arm64@0.2.0':
    optional: true

  '@rust-gear/glob-darwin-x64@0.2.0':
    optional: true

  '@rust-gear/glob-linux-arm64-gnu@0.2.0':
    optional: true

  '@rust-gear/glob-linux-arm64-musl@0.2.0':
    optional: true

  '@rust-gear/glob-linux-x64-gnu@0.2.0':
    optional: true

  '@rust-gear/glob-linux-x64-musl@0.2.0':
    optional: true

  '@rust-gear/glob-win32-arm64-msvc@0.2.0':
    optional: true

  '@rust-gear/glob-win32-ia32-msvc@0.2.0':
    optional: true

  '@rust-gear/glob-win32-x64-msvc@0.2.0':
    optional: true

  '@swc/core-darwin-arm64@1.11.29':
    optional: true

  '@swc/core-darwin-x64@1.11.29':
    optional: true

  '@swc/core-linux-arm-gnueabihf@1.11.29':
    optional: true

  '@swc/core-linux-arm64-gnu@1.11.29':
    optional: true

  '@swc/core-linux-arm64-musl@1.11.29':
    optional: true

  '@swc/core-linux-x64-gnu@1.11.29':
    optional: true

  '@swc/core-linux-x64-musl@1.11.29':
    optional: true

  '@swc/core-win32-arm64-msvc@1.11.29':
    optional: true

  '@swc/core-win32-ia32-msvc@1.11.29':
    optional: true

  '@swc/core-win32-x64-msvc@1.11.29':
    optional: true

  '@swc/core@1.11.29':
    dependencies:
      '@swc/counter': 0.1.3
      '@swc/types': 0.1.21
    optionalDependencies:
      '@swc/core-darwin-arm64': 1.11.29
      '@swc/core-darwin-x64': 1.11.29
      '@swc/core-linux-arm-gnueabihf': 1.11.29
      '@swc/core-linux-arm64-gnu': 1.11.29
      '@swc/core-linux-arm64-musl': 1.11.29
      '@swc/core-linux-x64-gnu': 1.11.29
      '@swc/core-linux-x64-musl': 1.11.29
      '@swc/core-win32-arm64-msvc': 1.11.29
      '@swc/core-win32-ia32-msvc': 1.11.29
      '@swc/core-win32-x64-msvc': 1.11.29

  '@swc/counter@0.1.3': {}

  '@swc/types@0.1.21':
    dependencies:
      '@swc/counter': 0.1.3

  '@types/node@22.15.23':
    dependencies:
      undici-types: 6.21.0

  kpx@0.2.1:
    dependencies:
      '@swc/core': 1.11.29
    transitivePeerDependencies:
      - '@swc/helpers'

  undici-types@6.21.0: {}
